github.com/gomarkdown/markdown v0.0.0-20201113031856-722100d81a8e h1:/Y3B7hM9H3TOWPhe8eWGBGS4r09pjvS5Z0uoPADyjmU=
github.com/gomarkdown/markdown v0.0.0-20201113031856-722100d81a8e/go.mod h1:aii0r/K0ZnHv7G0KF7xy1v0A7s2Ljrb5byB7MO5p6TU=
github.com/gomarkdown/markdown v0.0.0-20250311123330-531bef5e742b h1:EY/KpStFl60qA17CptGXhwfZ+k1sFNJIUNR8DdbcuUk=
github.com/gomarkdown/markdown v0.0.0-20250311123330-531bef5e742b/go.mod h1:JDGcbDT52eL4fju3sZ4TeHGsQwhG9nbDV21aMyhwPoA=
golang.org/dl v0.0.0-20190829154251-82a15e2f2ead/go.mod h1:IUMfjQLJQd4UTqG1Z90tenwKoCX93Gn3MAQJMOSBsDQ=
golang.org/dl v0.0.0-20250401154141-6c7fc191c4d8 h1:L1J8yojap4/K3TxCa+2wQoofsJoh+Tt47bKpTVfFAU4=
golang.org/dl v0.0.0-20250401154141-6c7fc191c4d8/go.mod h1:fwQ+hlTD8I6TIzOGkQqxQNfE2xqR+y7SzGaDkksVFkw=
